
Microsoft Visual Studio Solution File, Format Version 12.00
# Visual Studio 15
Project("{FAE04EC0-301F-11D3-BF4B-00C04F79EFBC}") = "Assembly-CSharp-firstpass", "Assembly-CSharp-firstpass.csproj", "{D18B9487-99CA-E0B7-2A5B-F3660D5198EA}"
EndProject
Project("{FAE04EC0-301F-11D3-BF4B-00C04F79EFBC}") = "Assembly-CSharp", "Assembly-CSharp.csproj", "{5C35EBEA-85A5-B859-4D55-D445FB62B340}"
EndProject
Project("{FAE04EC0-301F-11D3-BF4B-00C04F79EFBC}") = "Assembly-CSharp-Editor-firstpass", "Assembly-CSharp-Editor-firstpass.csproj", "{5F0AF9F1-9970-C5B7-987B-9DABF0D6639E}"
EndProject
Project("{FAE04EC0-301F-11D3-BF4B-00C04F79EFBC}") = "Assembly-CSharp-Editor", "Assembly-CSharp-Editor.csproj", "{EECB1B2A-AFE5-2A4D-0AB9-A71D7566351F}"
EndProject
Global
	GlobalSection(SolutionConfigurationPlatforms) = preSolution
		Debug|Any CPU = Debug|Any CPU
		Release|Any CPU = Release|Any CPU
	EndGlobalSection
	GlobalSection(ProjectConfigurationPlatforms) = postSolution
		{D18B9487-99CA-E0B7-2A5B-F3660D5198EA}.Debug|Any CPU.ActiveCfg = Debug|Any CPU
		{D18B9487-99CA-E0B7-2A5B-F3660D5198EA}.Debug|Any CPU.Build.0 = Debug|Any CPU
		{D18B9487-99CA-E0B7-2A5B-F3660D5198EA}.Release|Any CPU.ActiveCfg = Release|Any CPU
		{D18B9487-99CA-E0B7-2A5B-F3660D5198EA}.Release|Any CPU.Build.0 = Release|Any CPU
		{5C35EBEA-85A5-B859-4D55-D445FB62B340}.Debug|Any CPU.ActiveCfg = Debug|Any CPU
		{5C35EBEA-85A5-B859-4D55-D445FB62B340}.Debug|Any CPU.Build.0 = Debug|Any CPU
		{5C35EBEA-85A5-B859-4D55-D445FB62B340}.Release|Any CPU.ActiveCfg = Release|Any CPU
		{5C35EBEA-85A5-B859-4D55-D445FB62B340}.Release|Any CPU.Build.0 = Release|Any CPU
		{5F0AF9F1-9970-C5B7-987B-9DABF0D6639E}.Debug|Any CPU.ActiveCfg = Debug|Any CPU
		{5F0AF9F1-9970-C5B7-987B-9DABF0D6639E}.Debug|Any CPU.Build.0 = Debug|Any CPU
		{5F0AF9F1-9970-C5B7-987B-9DABF0D6639E}.Release|Any CPU.ActiveCfg = Release|Any CPU
		{5F0AF9F1-9970-C5B7-987B-9DABF0D6639E}.Release|Any CPU.Build.0 = Release|Any CPU
		{EECB1B2A-AFE5-2A4D-0AB9-A71D7566351F}.Debug|Any CPU.ActiveCfg = Debug|Any CPU
		{EECB1B2A-AFE5-2A4D-0AB9-A71D7566351F}.Debug|Any CPU.Build.0 = Debug|Any CPU
		{EECB1B2A-AFE5-2A4D-0AB9-A71D7566351F}.Release|Any CPU.ActiveCfg = Release|Any CPU
		{EECB1B2A-AFE5-2A4D-0AB9-A71D7566351F}.Release|Any CPU.Build.0 = Release|Any CPU
	EndGlobalSection
	GlobalSection(SolutionProperties) = preSolution
		HideSolutionNode = FALSE
	EndGlobalSection
EndGlobal
